
Microsoft Visual Studio Solution File, Format Version 12.00
# Visual Studio Version 17
VisualStudioVersion = 17.5.33502.453
MinimumVisualStudioVersion = 10.0.40219.1
Project("{FAE04EC0-301F-11D3-BF4B-00C04F79EFBC}") = "Lin1WithEFCore", "Lin1WithEFCore.csproj", "{BA5416D5-A5DC-4ABE-B282-A9AC9A57D01E}"
EndProject
Global
	GlobalSection(SolutionConfigurationPlatforms) = preSolution
		Debug|Any CPU = Debug|Any CPU
		Release|Any CPU = Release|Any CPU
	EndGlobalSection
	GlobalSection(ProjectConfigurationPlatforms) = postSolution
		{BA5416D5-A5DC-4ABE-B282-A9AC9A57D01E}.Debug|Any CPU.ActiveCfg = Debug|Any CPU
		{BA5416D5-A5DC-4ABE-B282-A9AC9A57D01E}.Debug|Any CPU.Build.0 = Debug|Any CPU
		{BA5416D5-A5DC-4ABE-B282-A9AC9A57D01E}.Release|Any CPU.ActiveCfg = Release|Any CPU
		{BA5416D5-A5DC-4ABE-B282-A9AC9A57D01E}.Release|Any CPU.Build.0 = Release|Any CPU
	EndGlobalSection
	GlobalSection(SolutionProperties) = preSolution
		HideSolutionNode = FALSE
	EndGlobalSection
	GlobalSection(ExtensibilityGlobals) = postSolution
		SolutionGuid = {3A99BED2-663C-4275-8473-C006459AD5B9}
	EndGlobalSection
EndGlobal
